
Microsoft Visual Studio Solution File, Format Version 12.00
# Visual Studio 15
VisualStudioVersion = 15.0.28307.705
MinimumVisualStudioVersion = 10.0.40219.1
Project("{FAE04EC0-301F-11D3-BF4B-00C04F79EFBC}") = "01-Base", "Base\01-Base.csproj", "{C6DB9941-619F-495B-8D8F-B44572C57ED3}"
EndProject
Project("{FAE04EC0-301F-11D3-BF4B-00C04F79EFBC}") = "02-Code", "02-Code\02-Code.csproj", "{E55DFDD7-1B05-4F0C-99AB-1782AC8EE48D}"
EndProject
Project("{FAE04EC0-301F-11D3-BF4B-00C04F79EFBC}") = "03-vide", "03-vide\03-vide.csproj", "{A5CBA909-EA11-4827-8B4D-61726C663985}"
EndProject
Global
	GlobalSection(SolutionConfigurationPlatforms) = preSolution
		Debug|Any CPU = Debug|Any CPU
		Release|Any CPU = Release|Any CPU
	EndGlobalSection
	GlobalSection(ProjectConfigurationPlatforms) = postSolution
		{C6DB9941-619F-495B-8D8F-B44572C57ED3}.Debug|Any CPU.ActiveCfg = Debug|Any CPU
		{C6DB9941-619F-495B-8D8F-B44572C57ED3}.Debug|Any CPU.Build.0 = Debug|Any CPU
		{C6DB9941-619F-495B-8D8F-B44572C57ED3}.Release|Any CPU.ActiveCfg = Release|Any CPU
		{C6DB9941-619F-495B-8D8F-B44572C57ED3}.Release|Any CPU.Build.0 = Release|Any CPU
		{E55DFDD7-1B05-4F0C-99AB-1782AC8EE48D}.Debug|Any CPU.ActiveCfg = Debug|Any CPU
		{E55DFDD7-1B05-4F0C-99AB-1782AC8EE48D}.Debug|Any CPU.Build.0 = Debug|Any CPU
		{E55DFDD7-1B05-4F0C-99AB-1782AC8EE48D}.Release|Any CPU.ActiveCfg = Release|Any CPU
		{E55DFDD7-1B05-4F0C-99AB-1782AC8EE48D}.Release|Any CPU.Build.0 = Release|Any CPU
		{A5CBA909-EA11-4827-8B4D-61726C663985}.Debug|Any CPU.ActiveCfg = Debug|Any CPU
		{A5CBA909-EA11-4827-8B4D-61726C663985}.Debug|Any CPU.Build.0 = Debug|Any CPU
		{A5CBA909-EA11-4827-8B4D-61726C663985}.Release|Any CPU.ActiveCfg = Release|Any CPU
		{A5CBA909-EA11-4827-8B4D-61726C663985}.Release|Any CPU.Build.0 = Release|Any CPU
	EndGlobalSection
	GlobalSection(SolutionProperties) = preSolution
		HideSolutionNode = FALSE
	EndGlobalSection
	GlobalSection(ExtensibilityGlobals) = postSolution
		SolutionGuid = {99606C25-E49A-449B-B160-1CB3FA8E9845}
	EndGlobalSection
EndGlobal
